// !$*UTF8*$!
{
	archiveVersion = 1;
	classes = {
	};
	objectVersion = 48;
	objects = {

/* Begin PBXBuildFile section */
		33D757B51FA52B5900EEFE3B /* AppDelegate.swift in Sources */ = {isa = PBXBuildFile; fileRef = 33D757B41FA52B5900EEFE3B /* AppDelegate.swift */; };
		33D757B71FA52B5900EEFE3B /* ViewController.swift in Sources */ = {isa = PBXBuildFile; fileRef = 33D757B61FA52B5900EEFE3B /* ViewController.swift */; };
		33D757BA1FA52B5900EEFE3B /* Main.storyboard in Resources */ = {isa = PBXBuildFile; fileRef = 33D757B81FA52B5900EEFE3B /* Main.storyboard */; };
		33D757BC1FA52B5900EEFE3B /* Assets.xcassets in Resources */ = {isa = PBXBuildFile; fileRef = 33D757BB1FA52B5900EEFE3B /* Assets.xcassets */; };
		33D757BF1FA52B5900EEFE3B /* LaunchScreen.storyboard in Resources */ = {isa = PBXBuildFile; fileRef = 33D757BD1FA52B5900EEFE3B /* LaunchScreen.storyboard */; };
		33D757CA1FA52B5900EEFE3B /* BikeRacksTests.swift in Sources */ = {isa = PBXBuildFile; fileRef = 33D757C91FA52B5900EEFE3B /* BikeRacksTests.swift */; };
		33D757D51FA52B5900EEFE3B /* BikeRacksUITests.swift in Sources */ = {isa = PBXBuildFile; fileRef = 33D757D41FA52B5900EEFE3B /* BikeRacksUITests.swift */; };
		7410ACBAE0B969CB2AAB457F /* libPods-BikeRacks.a in Frameworks */ = {isa = PBXBuildFile; fileRef = EC120F6ECF79BFAB974F8922 /* libPods-BikeRacks.a */; };
/* End PBXBuildFile section */

/* Begin PBXContainerItemProxy section */
		33D757C61FA52B5900EEFE3B /* PBXContainerItemProxy */ = {
			isa = PBXContainerItemProxy;
			containerPortal = 33D757A91FA52B5900EEFE3B /* Project object */;
			proxyType = 1;
			remoteGlobalIDString = 33D757B01FA52B5900EEFE3B;
			remoteInfo = BikeRacks;
		};
		33D757D11FA52B5900EEFE3B /* PBXContainerItemProxy */ = {
			isa = PBXContainerItemProxy;
			containerPortal = 33D757A91FA52B5900EEFE3B /* Project object */;
			proxyType = 1;
			remoteGlobalIDString = 33D757B01FA52B5900EEFE3B;
			remoteInfo = BikeRacks;
		};
/* End PBXContainerItemProxy section */

/* Begin PBXFileReference section */
		1591492E2E49EEDDDADB9F1D /* Pods-BikeRacks.debug.xcconfig */ = {isa = PBXFileReference; includeInIndex = 1; lastKnownFileType = text.xcconfig; name = "Pods-BikeRacks.debug.xcconfig"; path = "Pods/Target Support Files/Pods-BikeRacks/Pods-BikeRacks.debug.xcconfig"; sourceTree = "<group>"; };
		33D757B11FA52B5900EEFE3B /* BikeRacks.app */ = {isa = PBXFileReference; explicitFileType = wrapper.application; includeInIndex = 0; path = BikeRacks.app; sourceTree = BUILT_PRODUCTS_DIR; };
		33D757B41FA52B5900EEFE3B /* AppDelegate.swift */ = {isa = PBXFileReference; lastKnownFileType = sourcecode.swift; path = AppDelegate.swift; sourceTree = "<group>"; };
		33D757B61FA52B5900EEFE3B /* ViewController.swift */ = {isa = PBXFileReference; lastKnownFileType = sourcecode.swift; path = ViewController.swift; sourceTree = "<group>"; };
		33D757B91FA52B5900EEFE3B /* Base */ = {isa = PBXFileReference; lastKnownFileType = file.storyboard; name = Base; path = Base.lproj/Main.storyboard; sourceTree = "<group>"; };
		33D757BB1FA52B5900EEFE3B /* Assets.xcassets */ = {isa = PBXFileReference; lastKnownFileType = folder.assetcatalog; path = Assets.xcassets; sourceTree = "<group>"; };
		33D757BE1FA52B5900EEFE3B /* Base */ = {isa = PBXFileReference; lastKnownFileType = file.storyboard; name = Base; path = Base.lproj/LaunchScreen.storyboard; sourceTree = "<group>"; };
		33D757C01FA52B5900EEFE3B /* Info.plist */ = {isa = PBXFileReference; lastKnownFileType = text.plist.xml; path = Info.plist; sourceTree = "<group>"; };
		33D757C51FA52B5900EEFE3B /* BikeRacksTests.xctest */ = {isa = PBXFileReference; explicitFileType = wrapper.cfbundle; includeInIndex = 0; path = BikeRacksTests.xctest; sourceTree = BUILT_PRODUCTS_DIR; };
		33D757C91FA52B5900EEFE3B /* BikeRacksTests.swift */ = {isa = PBXFileReference; lastKnownFileType = sourcecode.swift; path = BikeRacksTests.swift; sourceTree = "<group>"; };
		33D757CB1FA52B5900EEFE3B /* Info.plist */ = {isa = PBXFileReference; lastKnownFileType = text.plist.xml; path = Info.plist; sourceTree = "<group>"; };
		33D757D01FA52B5900EEFE3B /* BikeRacksUITests.xctest */ = {isa = PBXFileReference; explicitFileType = wrapper.cfbundle; includeInIndex = 0; path = BikeRacksUITests.xctest; sourceTree = BUILT_PRODUCTS_DIR; };
		33D757D41FA52B5900EEFE3B /* BikeRacksUITests.swift */ = {isa = PBXFileReference; lastKnownFileType = sourcecode.swift; path = BikeRacksUITests.swift; sourceTree = "<group>"; };
		33D757D61FA52B5900EEFE3B /* Info.plist */ = {isa = PBXFileReference; lastKnownFileType = text.plist.xml; path = Info.plist; sourceTree = "<group>"; };
		33D757E31FA52EBD00EEFE3B /* AVFoundation.framework */ = {isa = PBXFileReference; lastKnownFileType = wrapper.framework; name = AVFoundation.framework; path = System/Library/Frameworks/AVFoundation.framework; sourceTree = SDKROOT; };
		33D757E41FA52EC500EEFE3B /* CoreData.framework */ = {isa = PBXFileReference; lastKnownFileType = wrapper.framework; name = CoreData.framework; path = System/Library/Frameworks/CoreData.framework; sourceTree = SDKROOT; };
		33D757E51FA52EF500EEFE3B /* CoreLocation.framework */ = {isa = PBXFileReference; lastKnownFileType = wrapper.framework; name = CoreLocation.framework; path = System/Library/Frameworks/CoreLocation.framework; sourceTree = SDKROOT; };
		33D757E61FA52EFC00EEFE3B /* CoreText.framework */ = {isa = PBXFileReference; lastKnownFileType = wrapper.framework; name = CoreText.framework; path = System/Library/Frameworks/CoreText.framework; sourceTree = SDKROOT; };
		33D757E71FA52F0500EEFE3B /* GLKit.framework */ = {isa = PBXFileReference; lastKnownFileType = wrapper.framework; name = GLKit.framework; path = System/Library/Frameworks/GLKit.framework; sourceTree = SDKROOT; };
		33D757E81FA52F0B00EEFE3B /* ImageIO.framework */ = {isa = PBXFileReference; lastKnownFileType = wrapper.framework; name = ImageIO.framework; path = System/Library/Frameworks/ImageIO.framework; sourceTree = SDKROOT; };
		33D757E91FA52F3600EEFE3B /* libc++.tbd */ = {isa = PBXFileReference; lastKnownFileType = "sourcecode.text-based-dylib-definition"; name = "libc++.tbd"; path = "usr/lib/libc++.tbd"; sourceTree = SDKROOT; };
		33D757EA1FA52F4300EEFE3B /* libicucore.tbd */ = {isa = PBXFileReference; lastKnownFileType = "sourcecode.text-based-dylib-definition"; name = libicucore.tbd; path = usr/lib/libicucore.tbd; sourceTree = SDKROOT; };
		33D757EB1FA52F4800EEFE3B /* libz.tbd */ = {isa = PBXFileReference; lastKnownFileType = "sourcecode.text-based-dylib-definition"; name = libz.tbd; path = usr/lib/libz.tbd; sourceTree = SDKROOT; };
		33D757EC1FA52F5000EEFE3B /* OpenGLES.framework */ = {isa = PBXFileReference; lastKnownFileType = wrapper.framework; name = OpenGLES.framework; path = System/Library/Frameworks/OpenGLES.framework; sourceTree = SDKROOT; };
		33D757ED1FA52F5600EEFE3B /* QuartzCore.framework */ = {isa = PBXFileReference; lastKnownFileType = wrapper.framework; name = QuartzCore.framework; path = System/Library/Frameworks/QuartzCore.framework; sourceTree = SDKROOT; };
		33D757EE1FA52F5C00EEFE3B /* SystemConfiguration.framework */ = {isa = PBXFileReference; lastKnownFileType = wrapper.framework; name = SystemConfiguration.framework; path = System/Library/Frameworks/SystemConfiguration.framework; sourceTree = SDKROOT; };
		E67427001B8F09C11C0865AF /* Pods-BikeRacks.release.xcconfig */ = {isa = PBXFileReference; includeInIndex = 1; lastKnownFileType = text.xcconfig; name = "Pods-BikeRacks.release.xcconfig"; path = "Pods/Target Support Files/Pods-BikeRacks/Pods-BikeRacks.release.xcconfig"; sourceTree = "<group>"; };
		EC120F6ECF79BFAB974F8922 /* libPods-BikeRacks.a */ = {isa = PBXFileReference; explicitFileType = archive.ar; includeInIndex = 0; path = "libPods-BikeRacks.a"; sourceTree = BUILT_PRODUCTS_DIR; };
/* End PBXFileReference section */

/* Begin PBXFrameworksBuildPhase section */
		33D757AE1FA52B5900EEFE3B /* Frameworks */ = {
			isa = PBXFrameworksBuildPhase;
			buildActionMask = 2147483647;
			files = (
				7410ACBAE0B969CB2AAB457F /* libPods-BikeRacks.a in Frameworks */,
			);
			runOnlyForDeploymentPostprocessing = 0;
		};
		33D757C21FA52B5900EEFE3B /* Frameworks */ = {
			isa = PBXFrameworksBuildPhase;
			buildActionMask = 2147483647;
			files = (
			);
			runOnlyForDeploymentPostprocessing = 0;
		};
		33D757CD1FA52B5900EEFE3B /* Frameworks */ = {
			isa = PBXFrameworksBuildPhase;
			buildActionMask = 2147483647;
			files = (
			);
			runOnlyForDeploymentPostprocessing = 0;
		};
/* End PBXFrameworksBuildPhase section */

/* Begin PBXGroup section */
		33D757A81FA52B5900EEFE3B = {
			isa = PBXGroup;
			children = (
				33D757B31FA52B5900EEFE3B /* BikeRacks */,
				33D757C81FA52B5900EEFE3B /* BikeRacksTests */,
				33D757D31FA52B5900EEFE3B /* BikeRacksUITests */,
				33D757B21FA52B5900EEFE3B /* Products */,
				33D757E21FA52EBC00EEFE3B /* Frameworks */,
				A432EBA927932188905BF0A5 /* Pods */,
			);
			sourceTree = "<group>";
		};
		33D757B21FA52B5900EEFE3B /* Products */ = {
			isa = PBXGroup;
			children = (
				33D757B11FA52B5900EEFE3B /* BikeRacks.app */,
				33D757C51FA52B5900EEFE3B /* BikeRacksTests.xctest */,
				33D757D01FA52B5900EEFE3B /* BikeRacksUITests.xctest */,
			);
			name = Products;
			sourceTree = "<group>";
		};
		33D757B31FA52B5900EEFE3B /* BikeRacks */ = {
			isa = PBXGroup;
			children = (
				33D757B41FA52B5900EEFE3B /* AppDelegate.swift */,
				33D757B61FA52B5900EEFE3B /* ViewController.swift */,
				33D757B81FA52B5900EEFE3B /* Main.storyboard */,
				33D757BB1FA52B5900EEFE3B /* Assets.xcassets */,
				33D757BD1FA52B5900EEFE3B /* LaunchScreen.storyboard */,
				33D757C01FA52B5900EEFE3B /* Info.plist */,
			);
			path = BikeRacks;
			sourceTree = "<group>";
		};
		33D757C81FA52B5900EEFE3B /* BikeRacksTests */ = {
			isa = PBXGroup;
			children = (
				33D757C91FA52B5900EEFE3B /* BikeRacksTests.swift */,
				33D757CB1FA52B5900EEFE3B /* Info.plist */,
			);
			path = BikeRacksTests;
			sourceTree = "<group>";
		};
		33D757D31FA52B5900EEFE3B /* BikeRacksUITests */ = {
			isa = PBXGroup;
			children = (
				33D757D41FA52B5900EEFE3B /* BikeRacksUITests.swift */,
				33D757D61FA52B5900EEFE3B /* Info.plist */,
			);
			path = BikeRacksUITests;
			sourceTree = "<group>";
		};
		33D757E21FA52EBC00EEFE3B /* Frameworks */ = {
			isa = PBXGroup;
			children = (
				33D757EE1FA52F5C00EEFE3B /* SystemConfiguration.framework */,
				33D757ED1FA52F5600EEFE3B /* QuartzCore.framework */,
				33D757EC1FA52F5000EEFE3B /* OpenGLES.framework */,
				33D757EB1FA52F4800EEFE3B /* libz.tbd */,
				33D757EA1FA52F4300EEFE3B /* libicucore.tbd */,
				33D757E91FA52F3600EEFE3B /* libc++.tbd */,
				33D757E81FA52F0B00EEFE3B /* ImageIO.framework */,
				33D757E71FA52F0500EEFE3B /* GLKit.framework */,
				33D757E61FA52EFC00EEFE3B /* CoreText.framework */,
				33D757E51FA52EF500EEFE3B /* CoreLocation.framework */,
				33D757E41FA52EC500EEFE3B /* CoreData.framework */,
				33D757E31FA52EBD00EEFE3B /* AVFoundation.framework */,
				EC120F6ECF79BFAB974F8922 /* libPods-BikeRacks.a */,
			);
			name = Frameworks;
			sourceTree = "<group>";
		};
		A432EBA927932188905BF0A5 /* Pods */ = {
			isa = PBXGroup;
			children = (
				1591492E2E49EEDDDADB9F1D /* Pods-BikeRacks.debug.xcconfig */,
				E67427001B8F09C11C0865AF /* Pods-BikeRacks.release.xcconfig */,
			);
			name = Pods;
			sourceTree = "<group>";
		};
/* End PBXGroup section */

/* Begin PBXNativeTarget section */
		33D757B01FA52B5900EEFE3B /* BikeRacks */ = {
			isa = PBXNativeTarget;
			buildConfigurationList = 33D757D91FA52B5900EEFE3B /* Build configuration list for PBXNativeTarget "BikeRacks" */;
			buildPhases = (
				520F265939134399CDA0FA66 /* [CP] Check Pods Manifest.lock */,
				33D757AD1FA52B5900EEFE3B /* Sources */,
				33D757AE1FA52B5900EEFE3B /* Frameworks */,
				33D757AF1FA52B5900EEFE3B /* Resources */,
				AA136181EBAE7ED34853AFE2 /* [CP] Embed Pods Frameworks */,
				25106A04F314D770B3537D36 /* [CP] Copy Pods Resources */,
			);
			buildRules = (
			);
			dependencies = (
			);
			name = BikeRacks;
			productName = BikeRacks;
			productReference = 33D757B11FA52B5900EEFE3B /* BikeRacks.app */;
			productType = "com.apple.product-type.application";
		};
		33D757C41FA52B5900EEFE3B /* BikeRacksTests */ = {
			isa = PBXNativeTarget;
			buildConfigurationList = 33D757DC1FA52B5900EEFE3B /* Build configuration list for PBXNativeTarget "BikeRacksTests" */;
			buildPhases = (
				33D757C11FA52B5900EEFE3B /* Sources */,
				33D757C21FA52B5900EEFE3B /* Frameworks */,
				33D757C31FA52B5900EEFE3B /* Resources */,
			);
			buildRules = (
			);
			dependencies = (
				33D757C71FA52B5900EEFE3B /* PBXTargetDependency */,
			);
			name = BikeRacksTests;
			productName = BikeRacksTests;
			productReference = 33D757C51FA52B5900EEFE3B /* BikeRacksTests.xctest */;
			productType = "com.apple.product-type.bundle.unit-test";
		};
		33D757CF1FA52B5900EEFE3B /* BikeRacksUITests */ = {
			isa = PBXNativeTarget;
			buildConfigurationList = 33D757DF1FA52B5900EEFE3B /* Build configuration list for PBXNativeTarget "BikeRacksUITests" */;
			buildPhases = (
				33D757CC1FA52B5900EEFE3B /* Sources */,
				33D757CD1FA52B5900EEFE3B /* Frameworks */,
				33D757CE1FA52B5900EEFE3B /* Resources */,
			);
			buildRules = (
			);
			dependencies = (
				33D757D21FA52B5900EEFE3B /* PBXTargetDependency */,
			);
			name = BikeRacksUITests;
			productName = BikeRacksUITests;
			productReference = 33D757D01FA52B5900EEFE3B /* BikeRacksUITests.xctest */;
			productType = "com.apple.product-type.bundle.ui-testing";
		};
/* End PBXNativeTarget section */

/* Begin PBXProject section */
		33D757A91FA52B5900EEFE3B /* Project object */ = {
			isa = PBXProject;
			attributes = {
				LastSwiftUpdateCheck = 0900;
				LastUpgradeCheck = 0900;
				ORGANIZATIONNAME = "Isabel Nackley";
				TargetAttributes = {
					33D757B01FA52B5900EEFE3B = {
						CreatedOnToolsVersion = 9.0.1;
						LastSwiftMigration = 0900;
						ProvisioningStyle = Automatic;
					};
					33D757C41FA52B5900EEFE3B = {
						CreatedOnToolsVersion = 9.0.1;
						ProvisioningStyle = Automatic;
						TestTargetID = 33D757B01FA52B5900EEFE3B;
					};
					33D757CF1FA52B5900EEFE3B = {
						CreatedOnToolsVersion = 9.0.1;
						ProvisioningStyle = Automatic;
						TestTargetID = 33D757B01FA52B5900EEFE3B;
					};
				};
			};
			buildConfigurationList = 33D757AC1FA52B5900EEFE3B /* Build configuration list for PBXProject "BikeRacks" */;
			compatibilityVersion = "Xcode 8.0";
			developmentRegion = en;
			hasScannedForEncodings = 0;
			knownRegions = (
				en,
				Base,
			);
			mainGroup = 33D757A81FA52B5900EEFE3B;
			productRefGroup = 33D757B21FA52B5900EEFE3B /* Products */;
			projectDirPath = "";
			projectRoot = "";
			targets = (
				33D757B01FA52B5900EEFE3B /* BikeRacks */,
				33D757C41FA52B5900EEFE3B /* BikeRacksTests */,
				33D757CF1FA52B5900EEFE3B /* BikeRacksUITests */,
			);
		};
/* End PBXProject section */

/* Begin PBXResourcesBuildPhase section */
		33D757AF1FA52B5900EEFE3B /* Resources */ = {
			isa = PBXResourcesBuildPhase;
			buildActionMask = 2147483647;
			files = (
				33D757BF1FA52B5900EEFE3B /* LaunchScreen.storyboard in Resources */,
				33D757BC1FA52B5900EEFE3B /* Assets.xcassets in Resources */,
				33D757BA1FA52B5900EEFE3B /* Main.storyboard in Resources */,
			);
			runOnlyForDeploymentPostprocessing = 0;
		};
		33D757C31FA52B5900EEFE3B /* Resources */ = {
			isa = PBXResourcesBuildPhase;
			buildActionMask = 2147483647;
			files = (
			);
			runOnlyForDeploymentPostprocessing = 0;
		};
		33D757CE1FA52B5900EEFE3B /* Resources */ = {
			isa = PBXResourcesBuildPhase;
			buildActionMask = 2147483647;
			files = (
			);
			runOnlyForDeploymentPostprocessing = 0;
		};
/* End PBXResourcesBuildPhase section */

/* Begin PBXShellScriptBuildPhase section */
		25106A04F314D770B3537D36 /* [CP] Copy Pods Resources */ = {
			isa = PBXShellScriptBuildPhase;
			buildActionMask = 2147483647;
			files = (
			);
			inputPaths = (
				"${SRCROOT}/Pods/Target Support Files/Pods-BikeRacks/Pods-BikeRacks-resources.sh",
				"${PODS_ROOT}/GoogleMaps/Maps/Frameworks/GoogleMaps.framework/Resources/GoogleMaps.bundle",
				"${PODS_ROOT}/GooglePlaces/Frameworks/GooglePlaces.framework/Resources/GooglePlaces.bundle",
			);
			name = "[CP] Copy Pods Resources";
			outputPaths = (
				"${TARGET_BUILD_DIR}/${UNLOCALIZED_RESOURCES_FOLDER_PATH}",
			);
			runOnlyForDeploymentPostprocessing = 0;
			shellPath = /bin/sh;
			shellScript = "\"${SRCROOT}/Pods/Target Support Files/Pods-BikeRacks/Pods-BikeRacks-resources.sh\"\n";
			showEnvVarsInLog = 0;
		};
		520F265939134399CDA0FA66 /* [CP] Check Pods Manifest.lock */ = {
			isa = PBXShellScriptBuildPhase;
			buildActionMask = 2147483647;
			files = (
			);
			inputPaths = (
				"${PODS_PODFILE_DIR_PATH}/Podfile.lock",
				"${PODS_ROOT}/Manifest.lock",
			);
			name = "[CP] Check Pods Manifest.lock";
			outputPaths = (
				"$(DERIVED_FILE_DIR)/Pods-BikeRacks-checkManifestLockResult.txt",
			);
			runOnlyForDeploymentPostprocessing = 0;
			shellPath = /bin/sh;
			shellScript = "diff \"${PODS_PODFILE_DIR_PATH}/Podfile.lock\" \"${PODS_ROOT}/Manifest.lock\" > /dev/null\nif [ $? != 0 ] ; then\n    # print error to STDERR\n    echo \"error: The sandbox is not in sync with the Podfile.lock. Run 'pod install' or update your CocoaPods installation.\" >&2\n    exit 1\nfi\n# This output is used by Xcode 'outputs' to avoid re-running this script phase.\necho \"SUCCESS\" > \"${SCRIPT_OUTPUT_FILE_0}\"\n";
			showEnvVarsInLog = 0;
		};
		AA136181EBAE7ED34853AFE2 /* [CP] Embed Pods Frameworks */ = {
			isa = PBXShellScriptBuildPhase;
			buildActionMask = 2147483647;
			files = (
			);
			inputPaths = (
			);
			name = "[CP] Embed Pods Frameworks";
			outputPaths = (
			);
			runOnlyForDeploymentPostprocessing = 0;
			shellPath = /bin/sh;
			shellScript = "\"${SRCROOT}/Pods/Target Support Files/Pods-BikeRacks/Pods-BikeRacks-frameworks.sh\"\n";
			showEnvVarsInLog = 0;
		};
/* End PBXShellScriptBuildPhase section */

/* Begin PBXSourcesBuildPhase section */
		33D757AD1FA52B5900EEFE3B /* Sources */ = {
			isa = PBXSourcesBuildPhase;
			buildActionMask = 2147483647;
			files = (
				33D757B71FA52B5900EEFE3B /* ViewController.swift in Sources */,
				33D757B51FA52B5900EEFE3B /* AppDelegate.swift in Sources */,
			);
			runOnlyForDeploymentPostprocessing = 0;
		};
		33D757C11FA52B5900EEFE3B /* Sources */ = {
			isa = PBXSourcesBuildPhase;
			buildActionMask = 2147483647;
			files = (
				33D757CA1FA52B5900EEFE3B /* BikeRacksTests.swift in Sources */,
			);
			runOnlyForDeploymentPostprocessing = 0;
		};
		33D757CC1FA52B5900EEFE3B /* Sources */ = {
			isa = PBXSourcesBuildPhase;
			buildActionMask = 2147483647;
			files = (
				33D757D51FA52B5900EEFE3B /* BikeRacksUITests.swift in Sources */,
			);
			runOnlyForDeploymentPostprocessing = 0;
		};
/* End PBXSourcesBuildPhase section */

/* Begin PBXTargetDependency section */
		33D757C71FA52B5900EEFE3B /* PBXTargetDependency */ = {
			isa = PBXTargetDependency;
			target = 33D757B01FA52B5900EEFE3B /* BikeRacks */;
			targetProxy = 33D757C61FA52B5900EEFE3B /* PBXContainerItemProxy */;
		};
		33D757D21FA52B5900EEFE3B /* PBXTargetDependency */ = {
			isa = PBXTargetDependency;
			target = 33D757B01FA52B5900EEFE3B /* BikeRacks */;
			targetProxy = 33D757D11FA52B5900EEFE3B /* PBXContainerItemProxy */;
		};
/* End PBXTargetDependency section */

/* Begin PBXVariantGroup section */
		33D757B81FA52B5900EEFE3B /* Main.storyboard */ = {
			isa = PBXVariantGroup;
			children = (
				33D757B91FA52B5900EEFE3B /* Base */,
			);
			name = Main.storyboard;
			sourceTree = "<group>";
		};
		33D757BD1FA52B5900EEFE3B /* LaunchScreen.storyboard */ = {
			isa = PBXVariantGroup;
			children = (
				33D757BE1FA52B5900EEFE3B /* Base */,
			);
			name = LaunchScreen.storyboard;
			sourceTree = "<group>";
		};
/* End PBXVariantGroup section */

/* Begin XCBuildConfiguration section */
		33D757D71FA52B5900EEFE3B /* Debug */ = {
			isa = XCBuildConfiguration;
			buildSettings = {
				ALWAYS_SEARCH_USER_PATHS = NO;
				CLANG_ANALYZER_NONNULL = YES;
				CLANG_ANALYZER_NUMBER_OBJECT_CONVERSION = YES_AGGRESSIVE;
				CLANG_CXX_LANGUAGE_STANDARD = "gnu++14";
				CLANG_CXX_LIBRARY = "libc++";
				CLANG_ENABLE_MODULES = YES;
				CLANG_ENABLE_OBJC_ARC = YES;
				CLANG_WARN_BLOCK_CAPTURE_AUTORELEASING = YES;
				CLANG_WARN_BOOL_CONVERSION = YES;
				CLANG_WARN_COMMA = YES;
				CLANG_WARN_CONSTANT_CONVERSION = YES;
				CLANG_WARN_DIRECT_OBJC_ISA_USAGE = YES_ERROR;
				CLANG_WARN_DOCUMENTATION_COMMENTS = YES;
				CLANG_WARN_EMPTY_BODY = YES;
				CLANG_WARN_ENUM_CONVERSION = YES;
				CLANG_WARN_INFINITE_RECURSION = YES;
				CLANG_WARN_INT_CONVERSION = YES;
				CLANG_WARN_NON_LITERAL_NULL_CONVERSION = YES;
				CLANG_WARN_OBJC_LITERAL_CONVERSION = YES;
				CLANG_WARN_OBJC_ROOT_CLASS = YES_ERROR;
				CLANG_WARN_RANGE_LOOP_ANALYSIS = YES;
				CLANG_WARN_STRICT_PROTOTYPES = YES;
				CLANG_WARN_SUSPICIOUS_MOVE = YES;
				CLANG_WARN_UNGUARDED_AVAILABILITY = YES_AGGRESSIVE;
				CLANG_WARN_UNREACHABLE_CODE = YES;
				CLANG_WARN__DUPLICATE_METHOD_MATCH = YES;
				CODE_SIGN_IDENTITY = "iPhone Developer";
				COPY_PHASE_STRIP = NO;
				DEBUG_INFORMATION_FORMAT = dwarf;
				ENABLE_STRICT_OBJC_MSGSEND = YES;
				ENABLE_TESTABILITY = YES;
				GCC_C_LANGUAGE_STANDARD = gnu11;
				GCC_DYNAMIC_NO_PIC = NO;
				GCC_NO_COMMON_BLOCKS = YES;
				GCC_OPTIMIZATION_LEVEL = 0;
				GCC_PREPROCESSOR_DEFINITIONS = (
					"DEBUG=1",
					"$(inherited)",
				);
				GCC_WARN_64_TO_32_BIT_CONVERSION = YES;
				GCC_WARN_ABOUT_RETURN_TYPE = YES_ERROR;
				GCC_WARN_UNDECLARED_SELECTOR = YES;
				GCC_WARN_UNINITIALIZED_AUTOS = YES_AGGRESSIVE;
				GCC_WARN_UNUSED_FUNCTION = YES;
				GCC_WARN_UNUSED_VARIABLE = YES;
				IPHONEOS_DEPLOYMENT_TARGET = 11.0;
				MTL_ENABLE_DEBUG_INFO = YES;
				ONLY_ACTIVE_ARCH = YES;
				SDKROOT = iphoneos;
				SWIFT_ACTIVE_COMPILATION_CONDITIONS = DEBUG;
				SWIFT_OPTIMIZATION_LEVEL = "-Onone";
			};
			name = Debug;
		};
		33D757D81FA52B5900EEFE3B /* Release */ = {
			isa = XCBuildConfiguration;
			buildSettings = {
				ALWAYS_SEARCH_USER_PATHS = NO;
				CLANG_ANALYZER_NONNULL = YES;
				CLANG_ANALYZER_NUMBER_OBJECT_CONVERSION = YES_AGGRESSIVE;
				CLANG_CXX_LANGUAGE_STANDARD = "gnu++14";
				CLANG_CXX_LIBRARY = "libc++";
				CLANG_ENABLE_MODULES = YES;
				CLANG_ENABLE_OBJC_ARC = YES;
				CLANG_WARN_BLOCK_CAPTURE_AUTORELEASING = YES;
				CLANG_WARN_BOOL_CONVERSION = YES;
				CLANG_WARN_COMMA = YES;
				CLANG_WARN_CONSTANT_CONVERSION = YES;
				CLANG_WARN_DIRECT_OBJC_ISA_USAGE = YES_ERROR;
				CLANG_WARN_DOCUMENTATION_COMMENTS = YES;
				CLANG_WARN_EMPTY_BODY = YES;
				CLANG_WARN_ENUM_CONVERSION = YES;
				CLANG_WARN_INFINITE_RECURSION = YES;
				CLANG_WARN_INT_CONVERSION = YES;
				CLANG_WARN_NON_LITERAL_NULL_CONVERSION = YES;
				CLANG_WARN_OBJC_LITERAL_CONVERSION = YES;
				CLANG_WARN_OBJC_ROOT_CLASS = YES_ERROR;
				CLANG_WARN_RANGE_LOOP_ANALYSIS = YES;
				CLANG_WARN_STRICT_PROTOTYPES = YES;
				CLANG_WARN_SUSPICIOUS_MOVE = YES;
				CLANG_WARN_UNGUARDED_AVAILABILITY = YES_AGGRESSIVE;
				CLANG_WARN_UNREACHABLE_CODE = YES;
				CLANG_WARN__DUPLICATE_METHOD_MATCH = YES;
				CODE_SIGN_IDENTITY = "iPhone Developer";
				COPY_PHASE_STRIP = NO;
				DEBUG_INFORMATION_FORMAT = "dwarf-with-dsym";
				ENABLE_NS_ASSERTIONS = NO;
				ENABLE_STRICT_OBJC_MSGSEND = YES;
				GCC_C_LANGUAGE_STANDARD = gnu11;
				GCC_NO_COMMON_BLOCKS = YES;
				GCC_WARN_64_TO_32_BIT_CONVERSION = YES;
				GCC_WARN_ABOUT_RETURN_TYPE = YES_ERROR;
				GCC_WARN_UNDECLARED_SELECTOR = YES;
				GCC_WARN_UNINITIALIZED_AUTOS = YES_AGGRESSIVE;
				GCC_WARN_UNUSED_FUNCTION = YES;
				GCC_WARN_UNUSED_VARIABLE = YES;
				IPHONEOS_DEPLOYMENT_TARGET = 11.0;
				MTL_ENABLE_DEBUG_INFO = NO;
				SDKROOT = iphoneos;
				SWIFT_OPTIMIZATION_LEVEL = "-Owholemodule";
				VALIDATE_PRODUCT = YES;
			};
			name = Release;
		};
		33D757DA1FA52B5900EEFE3B /* Debug */ = {
			isa = XCBuildConfiguration;
			baseConfigurationReference = 1591492E2E49EEDDDADB9F1D /* Pods-BikeRacks.debug.xcconfig */;
			buildSettings = {
				ASSETCATALOG_COMPILER_APPICON_NAME = AppIcon;
				CLANG_ENABLE_MODULES = YES;
				CODE_SIGN_STYLE = Automatic;
				DEVELOPMENT_TEAM = 26N54MC42Z;
				FRAMEWORK_SEARCH_PATHS = "$(inherited)";
				INFOPLIST_FILE = BikeRacks/Info.plist;
				LD_RUNPATH_SEARCH_PATHS = "$(inherited) @executable_path/Frameworks";
				PRODUCT_BUNDLE_IDENTIFIER = isabelnackley.BikeRacks;
				PRODUCT_NAME = "$(TARGET_NAME)";
				SWIFT_OBJC_BRIDGING_HEADER = "";
				SWIFT_OPTIMIZATION_LEVEL = "-Onone";
				SWIFT_VERSION = 4.0;
				TARGETED_DEVICE_FAMILY = "1,2";
			};
			name = Debug;
		};
		33D757DB1FA52B5900EEFE3B /* Release */ = {
			isa = XCBuildConfiguration;
			baseConfigurationReference = E67427001B8F09C11C0865AF /* Pods-BikeRacks.release.xcconfig */;
			buildSettings = {
				ASSETCATALOG_COMPILER_APPICON_NAME = AppIcon;
				CLANG_ENABLE_MODULES = YES;
				CODE_SIGN_STYLE = Automatic;
				DEVELOPMENT_TEAM = 26N54MC42Z;
				FRAMEWORK_SEARCH_PATHS = "$(inherited)";
				INFOPLIST_FILE = BikeRacks/Info.plist;
				LD_RUNPATH_SEARCH_PATHS = "$(inherited) @executable_path/Frameworks";
				OTHER_LDFLAGS = "";
				PRODUCT_BUNDLE_IDENTIFIER = isabelnackley.BikeRacks;
				PRODUCT_NAME = "$(TARGET_NAME)";
				SWIFT_OBJC_BRIDGING_HEADER = "";
				SWIFT_VERSION = 4.0;
				TARGETED_DEVICE_FAMILY = "1,2";
			};
			name = Release;
		};
		33D757DD1FA52B5900EEFE3B /* Debug */ = {
			isa = XCBuildConfiguration;
			buildSettings = {
				ALWAYS_EMBED_SWIFT_STANDARD_LIBRARIES = YES;
				BUNDLE_LOADER = "$(TEST_HOST)";
				CODE_SIGN_STYLE = Automatic;
				DEVELOPMENT_TEAM = 26N54MC42Z;
				INFOPLIST_FILE = BikeRacksTests/Info.plist;
				LD_RUNPATH_SEARCH_PATHS = "$(inherited) @executable_path/Frameworks @loader_path/Frameworks";
				PRODUCT_BUNDLE_IDENTIFIER = isabelnackley.BikeRacksTests;
				PRODUCT_NAME = "$(TARGET_NAME)";
				SWIFT_VERSION = 4.0;
				TARGETED_DEVICE_FAMILY = "1,2";
				TEST_HOST = "$(BUILT_PRODUCTS_DIR)/BikeRacks.app/BikeRacks";
			};
			name = Debug;
		};
		33D757DE1FA52B5900EEFE3B /* Release */ = {
			isa = XCBuildConfiguration;
			buildSettings = {
				ALWAYS_EMBED_SWIFT_STANDARD_LIBRARIES = YES;
				BUNDLE_LOADER = "$(TEST_HOST)";
				CODE_SIGN_STYLE = Automatic;
				DEVELOPMENT_TEAM = 26N54MC42Z;
				INFOPLIST_FILE = BikeRacksTests/Info.plist;
				LD_RUNPATH_SEARCH_PATHS = "$(inherited) @executable_path/Frameworks @loader_path/Frameworks";
				PRODUCT_BUNDLE_IDENTIFIER = isabelnackley.BikeRacksTests;
				PRODUCT_NAME = "$(TARGET_NAME)";
				SWIFT_VERSION = 4.0;
				TARGETED_DEVICE_FAMILY = "1,2";
				TEST_HOST = "$(BUILT_PRODUCTS_DIR)/BikeRacks.app/BikeRacks";
			};
			name = Release;
		};
		33D757E01FA52B5900EEFE3B /* Debug */ = {
			isa = XCBuildConfiguration;
			buildSettings = {
				ALWAYS_EMBED_SWIFT_STANDARD_LIBRARIES = YES;
				CODE_SIGN_STYLE = Automatic;
				DEVELOPMENT_TEAM = 26N54MC42Z;
				INFOPLIST_FILE = BikeRacksUITests/Info.plist;
				LD_RUNPATH_SEARCH_PATHS = "$(inherited) @executable_path/Frameworks @loader_path/Frameworks";
				PRODUCT_BUNDLE_IDENTIFIER = isabelnackley.BikeRacksUITests;
				PRODUCT_NAME = "$(TARGET_NAME)";
				SWIFT_VERSION = 4.0;
				TARGETED_DEVICE_FAMILY = "1,2";
				TEST_TARGET_NAME = BikeRacks;
			};
			name = Debug;
		};
		33D757E11FA52B5900EEFE3B /* Release */ = {
			isa = XCBuildConfiguration;
			buildSettings = {
				ALWAYS_EMBED_SWIFT_STANDARD_LIBRARIES = YES;
				CODE_SIGN_STYLE = Automatic;
				DEVELOPMENT_TEAM = 26N54MC42Z;
				INFOPLIST_FILE = BikeRacksUITests/Info.plist;
				LD_RUNPATH_SEARCH_PATHS = "$(inherited) @executable_path/Frameworks @loader_path/Frameworks";
				PRODUCT_BUNDLE_IDENTIFIER = isabelnackley.BikeRacksUITests;
				PRODUCT_NAME = "$(TARGET_NAME)";
				SWIFT_VERSION = 4.0;
				TARGETED_DEVICE_FAMILY = "1,2";
				TEST_TARGET_NAME = BikeRacks;
			};
			name = Release;
		};
/* End XCBuildConfiguration section */

/* Begin XCConfigurationList section */
		33D757AC1FA52B5900EEFE3B /* Build configuration list for PBXProject "BikeRacks" */ = {
			isa = XCConfigurationList;
			buildConfigurations = (
				33D757D71FA52B5900EEFE3B /* Debug */,
				33D757D81FA52B5900EEFE3B /* Release */,
			);
			defaultConfigurationIsVisible = 0;
			defaultConfigurationName = Release;
		};
		33D757D91FA52B5900EEFE3B /* Build configuration list for PBXNativeTarget "BikeRacks" */ = {
			isa = XCConfigurationList;
			buildConfigurations = (
				33D757DA1FA52B5900EEFE3B /* Debug */,
				33D757DB1FA52B5900EEFE3B /* Release */,
			);
			defaultConfigurationIsVisible = 0;
			defaultConfigurationName = Release;
		};
		33D757DC1FA52B5900EEFE3B /* Build configuration list for PBXNativeTarget "BikeRacksTests" */ = {
			isa = XCConfigurationList;
			buildConfigurations = (
				33D757DD1FA52B5900EEFE3B /* Debug */,
				33D757DE1FA52B5900EEFE3B /* Release */,
			);
			defaultConfigurationIsVisible = 0;
			defaultConfigurationName = Release;
		};
		33D757DF1FA52B5900EEFE3B /* Build configuration list for PBXNativeTarget "BikeRacksUITests" */ = {
			isa = XCConfigurationList;
			buildConfigurations = (
				33D757E01FA52B5900EEFE3B /* Debug */,
				33D757E11FA52B5900EEFE3B /* Release */,
			);
			defaultConfigurationIsVisible = 0;
			defaultConfigurationName = Release;
		};
/* End XCConfigurationList section */
	};
	rootObject = 33D757A91FA52B5900EEFE3B /* Project object */;
}
